
Microsoft Visual Studio Solution File, Format Version 12.00
# Visual Studio Version 16
VisualStudioVersion = 16.0.30611.23
MinimumVisualStudioVersion = 10.0.40219.1
Project("{FAE04EC0-301F-11D3-BF4B-00C04F79EFBC}") = "var7", "var7\var7.csproj", "{61665DF0-7D84-4288-A28C-B535B19BA8BB}"
EndProject
Global
	GlobalSection(SolutionConfigurationPlatforms) = preSolution
		Debug|Any CPU = Debug|Any CPU
		Release|Any CPU = Release|Any CPU
	EndGlobalSection
	GlobalSection(ProjectConfigurationPlatforms) = postSolution
		{61665DF0-7D84-4288-A28C-B535B19BA8BB}.Debug|Any CPU.ActiveCfg = Debug|Any CPU
		{61665DF0-7D84-4288-A28C-B535B19BA8BB}.Debug|Any CPU.Build.0 = Debug|Any CPU
		{61665DF0-7D84-4288-A28C-B535B19BA8BB}.Release|Any CPU.ActiveCfg = Release|Any CPU
		{61665DF0-7D84-4288-A28C-B535B19BA8BB}.Release|Any CPU.Build.0 = Release|Any CPU
	EndGlobalSection
	GlobalSection(SolutionProperties) = preSolution
		HideSolutionNode = FALSE
	EndGlobalSection
	GlobalSection(ExtensibilityGlobals) = postSolution
		SolutionGuid = {8B139BB8-8C6B-44CD-91DD-E4ACFC1573A0}
	EndGlobalSection
EndGlobal
